
Microsoft Visual Studio Solution File, Format Version 12.00
# Visual Studio Version 17
VisualStudioVersion = 17.6.33829.357
MinimumVisualStudioVersion = 10.0.40219.1
Project("{FAE04EC0-301F-11D3-BF4B-00C04F79EFBC}") = "DataTypesApp", "DataTypesApp\DataTypesApp.csproj", "{4C4D6161-32BC-43C4-805C-6A6323C21B50}"
EndProject
Global
	GlobalSection(SolutionConfigurationPlatforms) = preSolution
		Debug|Any CPU = Debug|Any CPU
		Release|Any CPU = Release|Any CPU
	EndGlobalSection
	GlobalSection(ProjectConfigurationPlatforms) = postSolution
		{4C4D6161-32BC-43C4-805C-6A6323C21B50}.Debug|Any CPU.ActiveCfg = Debug|Any CPU
		{4C4D6161-32BC-43C4-805C-6A6323C21B50}.Debug|Any CPU.Build.0 = Debug|Any CPU
		{4C4D6161-32BC-43C4-805C-6A6323C21B50}.Release|Any CPU.ActiveCfg = Release|Any CPU
		{4C4D6161-32BC-43C4-805C-6A6323C21B50}.Release|Any CPU.Build.0 = Release|Any CPU
	EndGlobalSection
	GlobalSection(SolutionProperties) = preSolution
		HideSolutionNode = FALSE
	EndGlobalSection
	GlobalSection(ExtensibilityGlobals) = postSolution
		SolutionGuid = {1E9C87F0-4C04-44ED-AED8-CD4F5200DD72}
	EndGlobalSection
EndGlobal
